PODS:
  - Kingfisher (6.3.0)
  - lottie-ios (3.2.2)

DEPENDENCIES:
  - Kingfisher
  - lottie-ios

SPEC REPOS:
  trunk:
    - Kingfisher
    - lottie-ios

SPEC CHECKSUMS:
  Kingfisher: 6c3df386db71d82c0817a429d2c9421a77396529
  lottie-ios: a033bb989eea77d9f99cc4e2bbdd3788229761ad

PODFILE CHECKSUM: dfa63e928aa7a8911ee3dbd71f3dad91eeb57dc4

COCOAPODS: 1.10.1
