// !$*UTF8*$!
{
	archiveVersion = 1;
	classes = {
	};
	objectVersion = 50;
	objects = {

/* Begin PBXBuildFile section */
		3CD9325526B2E1A800F41B58 /* EndpointType.swift in Sources */ = {isa = PBXBuildFile; fileRef = 3CD9325426B2E1A800F41B58 /* EndpointType.swift */; };
		3CD9326326B2E6B800F41B58 /* NetworkService.swift in Sources */ = {isa = PBXBuildFile; fileRef = 3CD9326226B2E6B800F41B58 /* NetworkService.swift */; };
		3CD9326626B2E83B00F41B58 /* HandleDataResponse.swift in Sources */ = {isa = PBXBuildFile; fileRef = 3CD9326526B2E83B00F41B58 /* HandleDataResponse.swift */; };
		3CD9326B26B2F95100F41B58 /* Movie.swift in Sources */ = {isa = PBXBuildFile; fileRef = 3CD9326A26B2F95100F41B58 /* Movie.swift */; };
		3CD9326D26B2FB7900F41B58 /* MovieResults.swift in Sources */ = {isa = PBXBuildFile; fileRef = 3CD9326C26B2FB7900F41B58 /* MovieResults.swift */; };
		3CD9327026B2FE4E00F41B58 /* Environment.swift in Sources */ = {isa = PBXBuildFile; fileRef = 3CD9326F26B2FE4E00F41B58 /* Environment.swift */; };
		3CD9336926B31C2D00F41B58 /* PopularMoviesEndpoint.swift in Sources */ = {isa = PBXBuildFile; fileRef = 3CD9336826B31C2D00F41B58 /* PopularMoviesEndpoint.swift */; };
		3CD9346F26B327BF00F41B58 /* MovieDetailFactory.swift in Sources */ = {isa = PBXBuildFile; fileRef = 3CD9346E26B327BF00F41B58 /* MovieDetailFactory.swift */; };
		3CD9347126B3284800F41B58 /* MovieListCoordinator.swift in Sources */ = {isa = PBXBuildFile; fileRef = 3CD9347026B3284800F41B58 /* MovieListCoordinator.swift */; };
		3CD9347426B328B100F41B58 /* Coordinator.swift in Sources */ = {isa = PBXBuildFile; fileRef = 3CD9347326B328B100F41B58 /* Coordinator.swift */; };
		3CD9347626B328CD00F41B58 /* ViewConfiguration.swift in Sources */ = {isa = PBXBuildFile; fileRef = 3CD9347526B328CD00F41B58 /* ViewConfiguration.swift */; };
		3CD9347B26B32A2800F41B58 /* MovieListViewController.swift in Sources */ = {isa = PBXBuildFile; fileRef = 3CD9347A26B32A2800F41B58 /* MovieListViewController.swift */; };
		3CD9347D26B32A9B00F41B58 /* MovieListViewModel.swift in Sources */ = {isa = PBXBuildFile; fileRef = 3CD9347C26B32A9B00F41B58 /* MovieListViewModel.swift */; };
		3CD9347F26B32B3200F41B58 /* MovieListFactory.swift in Sources */ = {isa = PBXBuildFile; fileRef = 3CD9347E26B32B3200F41B58 /* MovieListFactory.swift */; };
		3CD9348326B32BA600F41B58 /* MovieListService.swift in Sources */ = {isa = PBXBuildFile; fileRef = 3CD9348226B32BA600F41B58 /* MovieListService.swift */; };
		3CD9348626B3373000F41B58 /* NetworkManager.swift in Sources */ = {isa = PBXBuildFile; fileRef = 3CD9348526B3373000F41B58 /* NetworkManager.swift */; };
		3CD9348C26B33F9500F41B58 /* MovieListCell.swift in Sources */ = {isa = PBXBuildFile; fileRef = 3CD9348B26B33F9500F41B58 /* MovieListCell.swift */; };
		3CD9348F26B342A600F41B58 /* UITableView+Register.swift in Sources */ = {isa = PBXBuildFile; fileRef = 3CD9348E26B342A600F41B58 /* UITableView+Register.swift */; };
		3CD9349126B3462000F41B58 /* UIViewExtension.swift in Sources */ = {isa = PBXBuildFile; fileRef = 3CD9349026B3461F00F41B58 /* UIViewExtension.swift */; };
		3CD9349826B424B000F41B58 /* HTTPMethod.swift in Sources */ = {isa = PBXBuildFile; fileRef = 3CD9349726B424B000F41B58 /* HTTPMethod.swift */; };
		3CD9349A26B424D500F41B58 /* NetworkError.swift in Sources */ = {isa = PBXBuildFile; fileRef = 3CD9349926B424D500F41B58 /* NetworkError.swift */; };
		3CD9349C26B425EB00F41B58 /* HandleJSONDecode.swift in Sources */ = {isa = PBXBuildFile; fileRef = 3CD9349B26B425EB00F41B58 /* HandleJSONDecode.swift */; };
		3CD9349E26B4263100F41B58 /* RequestHandleResponsable.swift in Sources */ = {isa = PBXBuildFile; fileRef = 3CD9349D26B4263100F41B58 /* RequestHandleResponsable.swift */; };
		3CD934A126B4275200F41B58 /* URLRequest+EndpointType.swift in Sources */ = {isa = PBXBuildFile; fileRef = 3CD934A026B4275200F41B58 /* URLRequest+EndpointType.swift */; };
		3CD934A326B4278000F41B58 /* URLComponents+EndpointType.swift in Sources */ = {isa = PBXBuildFile; fileRef = 3CD934A226B4278000F41B58 /* URLComponents+EndpointType.swift */; };
		3CD934A726B4968200F41B58 /* iMovieLaunchScreen.storyboard in Resources */ = {isa = PBXBuildFile; fileRef = 3CD934A626B4968200F41B58 /* iMovieLaunchScreen.storyboard */; };
		3CD934AB26B4A10000F41B58 /* 52795-loading-alone2.json in Resources */ = {isa = PBXBuildFile; fileRef = 3CD934AA26B4A10000F41B58 /* 52795-loading-alone2.json */; };
		3CD934AD26B6D56200F41B58 /* MovieDetailView.swift in Sources */ = {isa = PBXBuildFile; fileRef = 3CD934AC26B6D56200F41B58 /* MovieDetailView.swift */; };
		3CD934AF26B6D7B700F41B58 /* String+FormatDate.swift in Sources */ = {isa = PBXBuildFile; fileRef = 3CD934AE26B6D7B700F41B58 /* String+FormatDate.swift */; };
		3CD934B126B6E3C600F41B58 /* UIImage+ResizeImage.swift in Sources */ = {isa = PBXBuildFile; fileRef = 3CD934B026B6E3C600F41B58 /* UIImage+ResizeImage.swift */; };
		B1BDFBE625DEE6F300A298C1 /* AppDelegate.swift in Sources */ = {isa = PBXBuildFile; fileRef = B1BDFBE525DEE6F300A298C1 /* AppDelegate.swift */; };
		B1BDFBE825DEE6F300A298C1 /* SceneDelegate.swift in Sources */ = {isa = PBXBuildFile; fileRef = B1BDFBE725DEE6F300A298C1 /* SceneDelegate.swift */; };
		B1BDFBEF25DEE6F500A298C1 /* Assets.xcassets in Resources */ = {isa = PBXBuildFile; fileRef = B1BDFBEE25DEE6F500A298C1 /* Assets.xcassets */; };
		B1C9625725E52F4A00C5E02D /* MovieDetailCoordinator.swift in Sources */ = {isa = PBXBuildFile; fileRef = B1C9625425E52F4A00C5E02D /* MovieDetailCoordinator.swift */; };
		B1C9625825E52F4A00C5E02D /* MovieDetailViewController.swift in Sources */ = {isa = PBXBuildFile; fileRef = B1C9625525E52F4A00C5E02D /* MovieDetailViewController.swift */; };
		B1C9625925E52F4A00C5E02D /* MovieDetailViewModel.swift in Sources */ = {isa = PBXBuildFile; fileRef = B1C9625625E52F4A00C5E02D /* MovieDetailViewModel.swift */; };
		C078B8E63DAF760D3C1BBD63 /* libPods-iMovie.a in Frameworks */ = {isa = PBXBuildFile; fileRef = D57BEC53319DDA0017EBEF8A /* libPods-iMovie.a */; };
/* End PBXBuildFile section */

/* Begin PBXFileReference section */
		3CD9325426B2E1A800F41B58 /* EndpointType.swift */ = {isa = PBXFileReference; lastKnownFileType = sourcecode.swift; path = EndpointType.swift; sourceTree = "<group>"; };
		3CD9326226B2E6B800F41B58 /* NetworkService.swift */ = {isa = PBXFileReference; lastKnownFileType = sourcecode.swift; path = NetworkService.swift; sourceTree = "<group>"; };
		3CD9326526B2E83B00F41B58 /* HandleDataResponse.swift */ = {isa = PBXFileReference; lastKnownFileType = sourcecode.swift; path = HandleDataResponse.swift; sourceTree = "<group>"; };
		3CD9326A26B2F95100F41B58 /* Movie.swift */ = {isa = PBXFileReference; lastKnownFileType = sourcecode.swift; name = Movie.swift; path = iMovie/Main/Model/Movie.swift; sourceTree = SOURCE_ROOT; };
		3CD9326C26B2FB7900F41B58 /* MovieResults.swift */ = {isa = PBXFileReference; lastKnownFileType = sourcecode.swift; name = MovieResults.swift; path = iMovie/Main/Model/MovieResults.swift; sourceTree = SOURCE_ROOT; };
		3CD9326F26B2FE4E00F41B58 /* Environment.swift */ = {isa = PBXFileReference; lastKnownFileType = sourcecode.swift; path = Environment.swift; sourceTree = "<group>"; };
		3CD9336826B31C2D00F41B58 /* PopularMoviesEndpoint.swift */ = {isa = PBXFileReference; lastKnownFileType = sourcecode.swift; path = PopularMoviesEndpoint.swift; sourceTree = "<group>"; };
		3CD9346E26B327BF00F41B58 /* MovieDetailFactory.swift */ = {isa = PBXFileReference; lastKnownFileType = sourcecode.swift; name = MovieDetailFactory.swift; path = iMovie/Main/MovieDetail/MovieDetailFactory.swift; sourceTree = SOURCE_ROOT; };
		3CD9347026B3284800F41B58 /* MovieListCoordinator.swift */ = {isa = PBXFileReference; lastKnownFileType = sourcecode.swift; name = MovieListCoordinator.swift; path = iMovie/Main/MovieList/MovieListCoordinator.swift; sourceTree = SOURCE_ROOT; };
		3CD9347326B328B100F41B58 /* Coordinator.swift */ = {isa = PBXFileReference; lastKnownFileType = sourcecode.swift; path = Coordinator.swift; sourceTree = "<group>"; };
		3CD9347526B328CD00F41B58 /* ViewConfiguration.swift */ = {isa = PBXFileReference; lastKnownFileType = sourcecode.swift; path = ViewConfiguration.swift; sourceTree = "<group>"; };
		3CD9347A26B32A2800F41B58 /* MovieListViewController.swift */ = {isa = PBXFileReference; lastKnownFileType = sourcecode.swift; path = MovieListViewController.swift; sourceTree = "<group>"; };
		3CD9347C26B32A9B00F41B58 /* MovieListViewModel.swift */ = {isa = PBXFileReference; lastKnownFileType = sourcecode.swift; path = MovieListViewModel.swift; sourceTree = "<group>"; };
		3CD9347E26B32B3200F41B58 /* MovieListFactory.swift */ = {isa = PBXFileReference; lastKnownFileType = sourcecode.swift; path = MovieListFactory.swift; sourceTree = "<group>"; };
		3CD9348226B32BA600F41B58 /* MovieListService.swift */ = {isa = PBXFileReference; lastKnownFileType = sourcecode.swift; path = MovieListService.swift; sourceTree = "<group>"; };
		3CD9348526B3373000F41B58 /* NetworkManager.swift */ = {isa = PBXFileReference; lastKnownFileType = sourcecode.swift; path = NetworkManager.swift; sourceTree = "<group>"; };
		3CD9348B26B33F9500F41B58 /* MovieListCell.swift */ = {isa = PBXFileReference; lastKnownFileType = sourcecode.swift; path = MovieListCell.swift; sourceTree = "<group>"; };
		3CD9348E26B342A600F41B58 /* UITableView+Register.swift */ = {isa = PBXFileReference; lastKnownFileType = sourcecode.swift; path = "UITableView+Register.swift"; sourceTree = "<group>"; };
		3CD9349026B3461F00F41B58 /* UIViewExtension.swift */ = {isa = PBXFileReference; lastKnownFileType = sourcecode.swift; path = UIViewExtension.swift; sourceTree = "<group>"; };
		3CD9349726B424B000F41B58 /* HTTPMethod.swift */ = {isa = PBXFileReference; lastKnownFileType = sourcecode.swift; path = HTTPMethod.swift; sourceTree = "<group>"; };
		3CD9349926B424D500F41B58 /* NetworkError.swift */ = {isa = PBXFileReference; lastKnownFileType = sourcecode.swift; path = NetworkError.swift; sourceTree = "<group>"; };
		3CD9349B26B425EB00F41B58 /* HandleJSONDecode.swift */ = {isa = PBXFileReference; lastKnownFileType = sourcecode.swift; path = HandleJSONDecode.swift; sourceTree = "<group>"; };
		3CD9349D26B4263100F41B58 /* RequestHandleResponsable.swift */ = {isa = PBXFileReference; lastKnownFileType = sourcecode.swift; path = RequestHandleResponsable.swift; sourceTree = "<group>"; };
		3CD934A026B4275200F41B58 /* URLRequest+EndpointType.swift */ = {isa = PBXFileReference; lastKnownFileType = sourcecode.swift; path = "URLRequest+EndpointType.swift"; sourceTree = "<group>"; };
		3CD934A226B4278000F41B58 /* URLComponents+EndpointType.swift */ = {isa = PBXFileReference; lastKnownFileType = sourcecode.swift; path = "URLComponents+EndpointType.swift"; sourceTree = "<group>"; };
		3CD934A626B4968200F41B58 /* iMovieLaunchScreen.storyboard */ = {isa = PBXFileReference; lastKnownFileType = file.storyboard; path = iMovieLaunchScreen.storyboard; sourceTree = "<group>"; };
		3CD934AA26B4A10000F41B58 /* 52795-loading-alone2.json */ = {isa = PBXFileReference; fileEncoding = 4; lastKnownFileType = text.json; path = "52795-loading-alone2.json"; sourceTree = "<group>"; };
		3CD934AC26B6D56200F41B58 /* MovieDetailView.swift */ = {isa = PBXFileReference; lastKnownFileType = sourcecode.swift; path = MovieDetailView.swift; sourceTree = "<group>"; };
		3CD934AE26B6D7B700F41B58 /* String+FormatDate.swift */ = {isa = PBXFileReference; lastKnownFileType = sourcecode.swift; path = "String+FormatDate.swift"; sourceTree = "<group>"; };
		3CD934B026B6E3C600F41B58 /* UIImage+ResizeImage.swift */ = {isa = PBXFileReference; lastKnownFileType = sourcecode.swift; path = "UIImage+ResizeImage.swift"; sourceTree = "<group>"; };
		B1BDFBE225DEE6F200A298C1 /* iMovie.app */ = {isa = PBXFileReference; explicitFileType = wrapper.application; includeInIndex = 0; path = iMovie.app; sourceTree = BUILT_PRODUCTS_DIR; };
		B1BDFBE525DEE6F300A298C1 /* AppDelegate.swift */ = {isa = PBXFileReference; lastKnownFileType = sourcecode.swift; path = AppDelegate.swift; sourceTree = "<group>"; };
		B1BDFBE725DEE6F300A298C1 /* SceneDelegate.swift */ = {isa = PBXFileReference; lastKnownFileType = sourcecode.swift; path = SceneDelegate.swift; sourceTree = "<group>"; };
		B1BDFBEE25DEE6F500A298C1 /* Assets.xcassets */ = {isa = PBXFileReference; lastKnownFileType = folder.assetcatalog; path = Assets.xcassets; sourceTree = "<group>"; };
		B1BDFBF325DEE6F500A298C1 /* Info.plist */ = {isa = PBXFileReference; lastKnownFileType = text.plist.xml; path = Info.plist; sourceTree = "<group>"; };
		B1C9625425E52F4A00C5E02D /* MovieDetailCoordinator.swift */ = {isa = PBXFileReference; lastKnownFileType = sourcecode.swift; name = MovieDetailCoordinator.swift; path = iMovie/Main/MovieDetail/MovieDetailCoordinator.swift; sourceTree = SOURCE_ROOT; };
		B1C9625525E52F4A00C5E02D /* MovieDetailViewController.swift */ = {isa = PBXFileReference; lastKnownFileType = sourcecode.swift; name = MovieDetailViewController.swift; path = iMovie/Main/MovieDetail/View/MovieDetailViewController.swift; sourceTree = SOURCE_ROOT; };
		B1C9625625E52F4A00C5E02D /* MovieDetailViewModel.swift */ = {isa = PBXFileReference; lastKnownFileType = sourcecode.swift; name = MovieDetailViewModel.swift; path = iMovie/Main/MovieDetail/MovieDetailViewModel.swift; sourceTree = SOURCE_ROOT; };
		B40457C1F3C1361B906BF436 /* Pods-iMovie.release.xcconfig */ = {isa = PBXFileReference; includeInIndex = 1; lastKnownFileType = text.xcconfig; name = "Pods-iMovie.release.xcconfig"; path = "Target Support Files/Pods-iMovie/Pods-iMovie.release.xcconfig"; sourceTree = "<group>"; };
		C6512445629DA693D7AEC144 /* Pods-iMovie.debug.xcconfig */ = {isa = PBXFileReference; includeInIndex = 1; lastKnownFileType = text.xcconfig; name = "Pods-iMovie.debug.xcconfig"; path = "Target Support Files/Pods-iMovie/Pods-iMovie.debug.xcconfig"; sourceTree = "<group>"; };
		D57BEC53319DDA0017EBEF8A /* libPods-iMovie.a */ = {isa = PBXFileReference; explicitFileType = archive.ar; includeInIndex = 0; path = "libPods-iMovie.a"; sourceTree = BUILT_PRODUCTS_DIR; };
/* End PBXFileReference section */

/* Begin PBXFrameworksBuildPhase section */
		B1BDFBDF25DEE6F200A298C1 /* Frameworks */ = {
			isa = PBXFrameworksBuildPhase;
			buildActionMask = 2147483647;
			files = (
				C078B8E63DAF760D3C1BBD63 /* libPods-iMovie.a in Frameworks */,
			);
			runOnlyForDeploymentPostprocessing = 0;
		};
/* End PBXFrameworksBuildPhase section */

/* Begin PBXGroup section */
		3CD9325326B2E00800F41B58 /* Networking */ = {
			isa = PBXGroup;
			children = (
				3CD9349F26B4273800F41B58 /* Extensions */,
				3CD9349626B4249100F41B58 /* Enums */,
				3CD9348426B3372500F41B58 /* Manager */,
				3CD9326E26B2FE2E00F41B58 /* Configuration */,
				3CD9326126B2E67900F41B58 /* Service */,
			);
			path = Networking;
			sourceTree = "<group>";
		};
		3CD9326126B2E67900F41B58 /* Service */ = {
			isa = PBXGroup;
			children = (
				3CD9325426B2E1A800F41B58 /* EndpointType.swift */,
				3CD9326226B2E6B800F41B58 /* NetworkService.swift */,
				3CD9326526B2E83B00F41B58 /* HandleDataResponse.swift */,
				3CD9349B26B425EB00F41B58 /* HandleJSONDecode.swift */,
				3CD9349D26B4263100F41B58 /* RequestHandleResponsable.swift */,
			);
			path = Service;
			sourceTree = "<group>";
		};
		3CD9326E26B2FE2E00F41B58 /* Configuration */ = {
			isa = PBXGroup;
			children = (
				3CD9326F26B2FE4E00F41B58 /* Environment.swift */,
			);
			path = Configuration;
			sourceTree = "<group>";
		};
		3CD9336526B31A9F00F41B58 /* Endpoint */ = {
			isa = PBXGroup;
			children = (
				3CD9336826B31C2D00F41B58 /* PopularMoviesEndpoint.swift */,
			);
			path = Endpoint;
			sourceTree = "<group>";
		};
		3CD9347226B328A000F41B58 /* Protocols */ = {
			isa = PBXGroup;
			children = (
				3CD9347326B328B100F41B58 /* Coordinator.swift */,
				3CD9347526B328CD00F41B58 /* ViewConfiguration.swift */,
			);
			path = Protocols;
			sourceTree = "<group>";
		};
		3CD9347726B329D600F41B58 /* MovieDetail */ = {
			isa = PBXGroup;
			children = (
				3CD9348126B32B8900F41B58 /* View */,
				B1C9625425E52F4A00C5E02D /* MovieDetailCoordinator.swift */,
				B1C9625625E52F4A00C5E02D /* MovieDetailViewModel.swift */,
				3CD9346E26B327BF00F41B58 /* MovieDetailFactory.swift */,
			);
			path = MovieDetail;
			sourceTree = "<group>";
		};
		3CD9347826B32A0A00F41B58 /* Model */ = {
			isa = PBXGroup;
			children = (
				3CD9326A26B2F95100F41B58 /* Movie.swift */,
				3CD9326C26B2FB7900F41B58 /* MovieResults.swift */,
			);
			path = Model;
			sourceTree = "<group>";
		};
		3CD9347926B32A1600F41B58 /* MovieList */ = {
			isa = PBXGroup;
			children = (
				3CD9336526B31A9F00F41B58 /* Endpoint */,
				3CD9348026B32B8100F41B58 /* View */,
				3CD9347026B3284800F41B58 /* MovieListCoordinator.swift */,
				3CD9347C26B32A9B00F41B58 /* MovieListViewModel.swift */,
				3CD9347E26B32B3200F41B58 /* MovieListFactory.swift */,
				3CD9348226B32BA600F41B58 /* MovieListService.swift */,
			);
			path = MovieList;
			sourceTree = "<group>";
		};
		3CD9348026B32B8100F41B58 /* View */ = {
			isa = PBXGroup;
			children = (
				3CD9347A26B32A2800F41B58 /* MovieListViewController.swift */,
				3CD9348B26B33F9500F41B58 /* MovieListCell.swift */,
			);
			path = View;
			sourceTree = "<group>";
		};
		3CD9348126B32B8900F41B58 /* View */ = {
			isa = PBXGroup;
			children = (
				B1C9625525E52F4A00C5E02D /* MovieDetailViewController.swift */,
				3CD934AC26B6D56200F41B58 /* MovieDetailView.swift */,
			);
			path = View;
			sourceTree = "<group>";
		};
		3CD9348426B3372500F41B58 /* Manager */ = {
			isa = PBXGroup;
			children = (
				3CD9348526B3373000F41B58 /* NetworkManager.swift */,
			);
			path = Manager;
			sourceTree = "<group>";
		};
		3CD9348D26B3428C00F41B58 /* Extensions */ = {
			isa = PBXGroup;
			children = (
				3CD9348E26B342A600F41B58 /* UITableView+Register.swift */,
				3CD9349026B3461F00F41B58 /* UIViewExtension.swift */,
				3CD934AE26B6D7B700F41B58 /* String+FormatDate.swift */,
				3CD934B026B6E3C600F41B58 /* UIImage+ResizeImage.swift */,
			);
			path = Extensions;
			sourceTree = "<group>";
		};
		3CD9349626B4249100F41B58 /* Enums */ = {
			isa = PBXGroup;
			children = (
				3CD9349726B424B000F41B58 /* HTTPMethod.swift */,
				3CD9349926B424D500F41B58 /* NetworkError.swift */,
			);
			path = Enums;
			sourceTree = "<group>";
		};
		3CD9349F26B4273800F41B58 /* Extensions */ = {
			isa = PBXGroup;
			children = (
				3CD934A026B4275200F41B58 /* URLRequest+EndpointType.swift */,
				3CD934A226B4278000F41B58 /* URLComponents+EndpointType.swift */,
			);
			path = Extensions;
			sourceTree = "<group>";
		};
		6D042ECF42F1BF68CE359997 /* Frameworks */ = {
			isa = PBXGroup;
			children = (
				D57BEC53319DDA0017EBEF8A /* libPods-iMovie.a */,
			);
			name = Frameworks;
			sourceTree = "<group>";
		};
		B1BDFBD925DEE6F200A298C1 = {
			isa = PBXGroup;
			children = (
				B1BDFBE425DEE6F300A298C1 /* iMovie */,
				B1BDFBE325DEE6F200A298C1 /* Products */,
				BD3B1542FC01D97F4A52DF6B /* Pods */,
				6D042ECF42F1BF68CE359997 /* Frameworks */,
			);
			sourceTree = "<group>";
		};
		B1BDFBE325DEE6F200A298C1 /* Products */ = {
			isa = PBXGroup;
			children = (
				B1BDFBE225DEE6F200A298C1 /* iMovie.app */,
			);
			name = Products;
			sourceTree = "<group>";
		};
		B1BDFBE425DEE6F300A298C1 /* iMovie */ = {
			isa = PBXGroup;
			children = (
				3CD9348D26B3428C00F41B58 /* Extensions */,
				3CD9347226B328A000F41B58 /* Protocols */,
				3CD9325326B2E00800F41B58 /* Networking */,
				B1BDFC0025DEEA7500A298C1 /* Main */,
				B1BDFBFF25DEE8BD00A298C1 /* Init */,
				B1BDFBFE25DEE89600A298C1 /* Resources */,
				B1BDFBF325DEE6F500A298C1 /* Info.plist */,
			);
			path = iMovie;
			sourceTree = "<group>";
		};
		B1BDFBFE25DEE89600A298C1 /* Resources */ = {
			isa = PBXGroup;
			children = (
				3CD934AA26B4A10000F41B58 /* 52795-loading-alone2.json */,
				B1BDFBEE25DEE6F500A298C1 /* Assets.xcassets */,
			);
			path = Resources;
			sourceTree = "<group>";
		};
		B1BDFBFF25DEE8BD00A298C1 /* Init */ = {
			isa = PBXGroup;
			children = (
				B1BDFBE525DEE6F300A298C1 /* AppDelegate.swift */,
				B1BDFBE725DEE6F300A298C1 /* SceneDelegate.swift */,
				3CD934A626B4968200F41B58 /* iMovieLaunchScreen.storyboard */,
			);
			path = Init;
			sourceTree = "<group>";
		};
		B1BDFC0025DEEA7500A298C1 /* Main */ = {
			isa = PBXGroup;
			children = (
				3CD9347926B32A1600F41B58 /* MovieList */,
				3CD9347826B32A0A00F41B58 /* Model */,
				3CD9347726B329D600F41B58 /* MovieDetail */,
			);
			path = Main;
			sourceTree = "<group>";
		};
		BD3B1542FC01D97F4A52DF6B /* Pods */ = {
			isa = PBXGroup;
			children = (
				C6512445629DA693D7AEC144 /* Pods-iMovie.debug.xcconfig */,
				B40457C1F3C1361B906BF436 /* Pods-iMovie.release.xcconfig */,
			);
			path = Pods;
			sourceTree = "<group>";
		};
/* End PBXGroup section */

/* Begin PBXNativeTarget section */
		B1BDFBE125DEE6F200A298C1 /* iMovie */ = {
			isa = PBXNativeTarget;
			buildConfigurationList = B1BDFBF625DEE6F500A298C1 /* Build configuration list for PBXNativeTarget "iMovie" */;
			buildPhases = (
				7DFBDB24059FA6FCF824BE02 /* [CP] Check Pods Manifest.lock */,
				B1BDFBDE25DEE6F200A298C1 /* Sources */,
				B1BDFBDF25DEE6F200A298C1 /* Frameworks */,
				B1BDFBE025DEE6F200A298C1 /* Resources */,
			);
			buildRules = (
			);
			dependencies = (
			);
			name = iMovie;
			productName = iMovie;
			productReference = B1BDFBE225DEE6F200A298C1 /* iMovie.app */;
			productType = "com.apple.product-type.application";
		};
/* End PBXNativeTarget section */

/* Begin PBXProject section */
		B1BDFBDA25DEE6F200A298C1 /* Project object */ = {
			isa = PBXProject;
			attributes = {
				LastSwiftUpdateCheck = 1210;
				LastUpgradeCheck = 1210;
				TargetAttributes = {
					B1BDFBE125DEE6F200A298C1 = {
						CreatedOnToolsVersion = 12.1;
					};
				};
			};
			buildConfigurationList = B1BDFBDD25DEE6F200A298C1 /* Build configuration list for PBXProject "iMovie" */;
			compatibilityVersion = "Xcode 9.3";
			developmentRegion = en;
			hasScannedForEncodings = 0;
			knownRegions = (
				en,
				Base,
			);
			mainGroup = B1BDFBD925DEE6F200A298C1;
			productRefGroup = B1BDFBE325DEE6F200A298C1 /* Products */;
			projectDirPath = "";
			projectRoot = "";
			targets = (
				B1BDFBE125DEE6F200A298C1 /* iMovie */,
			);
		};
/* End PBXProject section */

/* Begin PBXResourcesBuildPhase section */
		B1BDFBE025DEE6F200A298C1 /* Resources */ = {
			isa = PBXResourcesBuildPhase;
			buildActionMask = 2147483647;
			files = (
				3CD934A726B4968200F41B58 /* iMovieLaunchScreen.storyboard in Resources */,
				3CD934AB26B4A10000F41B58 /* 52795-loading-alone2.json in Resources */,
				B1BDFBEF25DEE6F500A298C1 /* Assets.xcassets in Resources */,
			);
			runOnlyForDeploymentPostprocessing = 0;
		};
/* End PBXResourcesBuildPhase section */

/* Begin PBXShellScriptBuildPhase section */
		7DFBDB24059FA6FCF824BE02 /* [CP] Check Pods Manifest.lock */ = {
			isa = PBXShellScriptBuildPhase;
			buildActionMask = 2147483647;
			files = (
			);
			inputFileListPaths = (
			);
			inputPaths = (
				"${PODS_PODFILE_DIR_PATH}/Podfile.lock",
				"${PODS_ROOT}/Manifest.lock",
			);
			name = "[CP] Check Pods Manifest.lock";
			outputFileListPaths = (
			);
			outputPaths = (
				"$(DERIVED_FILE_DIR)/Pods-iMovie-checkManifestLockResult.txt",
			);
			runOnlyForDeploymentPostprocessing = 0;
			shellPath = /bin/sh;
			shellScript = "diff \"${PODS_PODFILE_DIR_PATH}/Podfile.lock\" \"${PODS_ROOT}/Manifest.lock\" > /dev/null\nif [ $? != 0 ] ; then\n    # print error to STDERR\n    echo \"error: The sandbox is not in sync with the Podfile.lock. Run 'pod install' or update your CocoaPods installation.\" >&2\n    exit 1\nfi\n# This output is used by Xcode 'outputs' to avoid re-running this script phase.\necho \"SUCCESS\" > \"${SCRIPT_OUTPUT_FILE_0}\"\n";
			showEnvVarsInLog = 0;
		};
/* End PBXShellScriptBuildPhase section */

/* Begin PBXSourcesBuildPhase section */
		B1BDFBDE25DEE6F200A298C1 /* Sources */ = {
			isa = PBXSourcesBuildPhase;
			buildActionMask = 2147483647;
			files = (
				3CD934A126B4275200F41B58 /* URLRequest+EndpointType.swift in Sources */,
				3CD9325526B2E1A800F41B58 /* EndpointType.swift in Sources */,
				3CD934AD26B6D56200F41B58 /* MovieDetailView.swift in Sources */,
				3CD9347126B3284800F41B58 /* MovieListCoordinator.swift in Sources */,
				B1C9625825E52F4A00C5E02D /* MovieDetailViewController.swift in Sources */,
				3CD934A326B4278000F41B58 /* URLComponents+EndpointType.swift in Sources */,
				3CD9347D26B32A9B00F41B58 /* MovieListViewModel.swift in Sources */,
				3CD9349126B3462000F41B58 /* UIViewExtension.swift in Sources */,
				3CD9347B26B32A2800F41B58 /* MovieListViewController.swift in Sources */,
				3CD9348C26B33F9500F41B58 /* MovieListCell.swift in Sources */,
				3CD9326B26B2F95100F41B58 /* Movie.swift in Sources */,
				3CD9349E26B4263100F41B58 /* RequestHandleResponsable.swift in Sources */,
				3CD9349826B424B000F41B58 /* HTTPMethod.swift in Sources */,
				3CD9348F26B342A600F41B58 /* UITableView+Register.swift in Sources */,
				B1C9625925E52F4A00C5E02D /* MovieDetailViewModel.swift in Sources */,
				3CD9326626B2E83B00F41B58 /* HandleDataResponse.swift in Sources */,
				3CD9349C26B425EB00F41B58 /* HandleJSONDecode.swift in Sources */,
				3CD9326D26B2FB7900F41B58 /* MovieResults.swift in Sources */,
				3CD9348626B3373000F41B58 /* NetworkManager.swift in Sources */,
				B1BDFBE625DEE6F300A298C1 /* AppDelegate.swift in Sources */,
				3CD9327026B2FE4E00F41B58 /* Environment.swift in Sources */,
				B1C9625725E52F4A00C5E02D /* MovieDetailCoordinator.swift in Sources */,
				3CD9347426B328B100F41B58 /* Coordinator.swift in Sources */,
				3CD9346F26B327BF00F41B58 /* MovieDetailFactory.swift in Sources */,
				B1BDFBE825DEE6F300A298C1 /* SceneDelegate.swift in Sources */,
				3CD9347F26B32B3200F41B58 /* MovieListFactory.swift in Sources */,
				3CD9349A26B424D500F41B58 /* NetworkError.swift in Sources */,
				3CD934AF26B6D7B700F41B58 /* String+FormatDate.swift in Sources */,
				3CD9326326B2E6B800F41B58 /* NetworkService.swift in Sources */,
				3CD9347626B328CD00F41B58 /* ViewConfiguration.swift in Sources */,
				3CD9348326B32BA600F41B58 /* MovieListService.swift in Sources */,
				3CD934B126B6E3C600F41B58 /* UIImage+ResizeImage.swift in Sources */,
				3CD9336926B31C2D00F41B58 /* PopularMoviesEndpoint.swift in Sources */,
			);
			runOnlyForDeploymentPostprocessing = 0;
		};
/* End PBXSourcesBuildPhase section */

/* Begin XCBuildConfiguration section */
		B1BDFBF425DEE6F500A298C1 /* Debug */ = {
			isa = XCBuildConfiguration;
			buildSettings = {
				ALWAYS_SEARCH_USER_PATHS = NO;
				CLANG_ANALYZER_NONNULL = YES;
				CLANG_ANALYZER_NUMBER_OBJECT_CONVERSION = YES_AGGRESSIVE;
				CLANG_CXX_LANGUAGE_STANDARD = "gnu++14";
				CLANG_CXX_LIBRARY = "libc++";
				CLANG_ENABLE_MODULES = YES;
				CLANG_ENABLE_OBJC_ARC = YES;
				CLANG_ENABLE_OBJC_WEAK = YES;
				CLANG_WARN_BLOCK_CAPTURE_AUTORELEASING = YES;
				CLANG_WARN_BOOL_CONVERSION = YES;
				CLANG_WARN_COMMA = YES;
				CLANG_WARN_CONSTANT_CONVERSION = YES;
				CLANG_WARN_DEPRECATED_OBJC_IMPLEMENTATIONS = YES;
				CLANG_WARN_DIRECT_OBJC_ISA_USAGE = YES_ERROR;
				CLANG_WARN_DOCUMENTATION_COMMENTS = YES;
				CLANG_WARN_EMPTY_BODY = YES;
				CLANG_WARN_ENUM_CONVERSION = YES;
				CLANG_WARN_INFINITE_RECURSION = YES;
				CLANG_WARN_INT_CONVERSION = YES;
				CLANG_WARN_NON_LITERAL_NULL_CONVERSION = YES;
				CLANG_WARN_OBJC_IMPLICIT_RETAIN_SELF = YES;
				CLANG_WARN_OBJC_LITERAL_CONVERSION = YES;
				CLANG_WARN_OBJC_ROOT_CLASS = YES_ERROR;
				CLANG_WARN_QUOTED_INCLUDE_IN_FRAMEWORK_HEADER = YES;
				CLANG_WARN_RANGE_LOOP_ANALYSIS = YES;
				CLANG_WARN_STRICT_PROTOTYPES = YES;
				CLANG_WARN_SUSPICIOUS_MOVE = YES;
				CLANG_WARN_UNGUARDED_AVAILABILITY = YES_AGGRESSIVE;
				CLANG_WARN_UNREACHABLE_CODE = YES;
				CLANG_WARN__DUPLICATE_METHOD_MATCH = YES;
				COPY_PHASE_STRIP = NO;
				DEBUG_INFORMATION_FORMAT = dwarf;
				ENABLE_STRICT_OBJC_MSGSEND = YES;
				ENABLE_TESTABILITY = YES;
				GCC_C_LANGUAGE_STANDARD = gnu11;
				GCC_DYNAMIC_NO_PIC = NO;
				GCC_NO_COMMON_BLOCKS = YES;
				GCC_OPTIMIZATION_LEVEL = 0;
				GCC_PREPROCESSOR_DEFINITIONS = (
					"DEBUG=1",
					"$(inherited)",
				);
				GCC_WARN_64_TO_32_BIT_CONVERSION = YES;
				GCC_WARN_ABOUT_RETURN_TYPE = YES_ERROR;
				GCC_WARN_UNDECLARED_SELECTOR = YES;
				GCC_WARN_UNINITIALIZED_AUTOS = YES_AGGRESSIVE;
				GCC_WARN_UNUSED_FUNCTION = YES;
				GCC_WARN_UNUSED_VARIABLE = YES;
				IPHONEOS_DEPLOYMENT_TARGET = 14.1;
				MTL_ENABLE_DEBUG_INFO = INCLUDE_SOURCE;
				MTL_FAST_MATH = YES;
				ONLY_ACTIVE_ARCH = YES;
				SDKROOT = iphoneos;
				SWIFT_ACTIVE_COMPILATION_CONDITIONS = DEBUG;
				SWIFT_OPTIMIZATION_LEVEL = "-Onone";
			};
			name = Debug;
		};
		B1BDFBF525DEE6F500A298C1 /* Release */ = {
			isa = XCBuildConfiguration;
			buildSettings = {
				ALWAYS_SEARCH_USER_PATHS = NO;
				CLANG_ANALYZER_NONNULL = YES;
				CLANG_ANALYZER_NUMBER_OBJECT_CONVERSION = YES_AGGRESSIVE;
				CLANG_CXX_LANGUAGE_STANDARD = "gnu++14";
				CLANG_CXX_LIBRARY = "libc++";
				CLANG_ENABLE_MODULES = YES;
				CLANG_ENABLE_OBJC_ARC = YES;
				CLANG_ENABLE_OBJC_WEAK = YES;
				CLANG_WARN_BLOCK_CAPTURE_AUTORELEASING = YES;
				CLANG_WARN_BOOL_CONVERSION = YES;
				CLANG_WARN_COMMA = YES;
				CLANG_WARN_CONSTANT_CONVERSION = YES;
				CLANG_WARN_DEPRECATED_OBJC_IMPLEMENTATIONS = YES;
				CLANG_WARN_DIRECT_OBJC_ISA_USAGE = YES_ERROR;
				CLANG_WARN_DOCUMENTATION_COMMENTS = YES;
				CLANG_WARN_EMPTY_BODY = YES;
				CLANG_WARN_ENUM_CONVERSION = YES;
				CLANG_WARN_INFINITE_RECURSION = YES;
				CLANG_WARN_INT_CONVERSION = YES;
				CLANG_WARN_NON_LITERAL_NULL_CONVERSION = YES;
				CLANG_WARN_OBJC_IMPLICIT_RETAIN_SELF = YES;
				CLANG_WARN_OBJC_LITERAL_CONVERSION = YES;
				CLANG_WARN_OBJC_ROOT_CLASS = YES_ERROR;
				CLANG_WARN_QUOTED_INCLUDE_IN_FRAMEWORK_HEADER = YES;
				CLANG_WARN_RANGE_LOOP_ANALYSIS = YES;
				CLANG_WARN_STRICT_PROTOTYPES = YES;
				CLANG_WARN_SUSPICIOUS_MOVE = YES;
				CLANG_WARN_UNGUARDED_AVAILABILITY = YES_AGGRESSIVE;
				CLANG_WARN_UNREACHABLE_CODE = YES;
				CLANG_WARN__DUPLICATE_METHOD_MATCH = YES;
				COPY_PHASE_STRIP = NO;
				DEBUG_INFORMATION_FORMAT = "dwarf-with-dsym";
				ENABLE_NS_ASSERTIONS = NO;
				ENABLE_STRICT_OBJC_MSGSEND = YES;
				GCC_C_LANGUAGE_STANDARD = gnu11;
				GCC_NO_COMMON_BLOCKS = YES;
				GCC_WARN_64_TO_32_BIT_CONVERSION = YES;
				GCC_WARN_ABOUT_RETURN_TYPE = YES_ERROR;
				GCC_WARN_UNDECLARED_SELECTOR = YES;
				GCC_WARN_UNINITIALIZED_AUTOS = YES_AGGRESSIVE;
				GCC_WARN_UNUSED_FUNCTION = YES;
				GCC_WARN_UNUSED_VARIABLE = YES;
				IPHONEOS_DEPLOYMENT_TARGET = 14.1;
				MTL_ENABLE_DEBUG_INFO = NO;
				MTL_FAST_MATH = YES;
				SDKROOT = iphoneos;
				SWIFT_COMPILATION_MODE = wholemodule;
				SWIFT_OPTIMIZATION_LEVEL = "-O";
				VALIDATE_PRODUCT = YES;
			};
			name = Release;
		};
		B1BDFBF725DEE6F500A298C1 /* Debug */ = {
			isa = XCBuildConfiguration;
			baseConfigurationReference = C6512445629DA693D7AEC144 /* Pods-iMovie.debug.xcconfig */;
			buildSettings = {
				ASSETCATALOG_COMPILER_APPICON_NAME = AppIcon;
				ASSETCATALOG_COMPILER_GLOBAL_ACCENT_COLOR_NAME = AccentColor;
				CODE_SIGN_STYLE = Automatic;
				DEVELOPMENT_TEAM = KN7WPK4RM9;
				INFOPLIST_FILE = iMovie/Info.plist;
				LD_RUNPATH_SEARCH_PATHS = (
					"$(inherited)",
					"@executable_path/Frameworks",
				);
				PRODUCT_BUNDLE_IDENTIFIER = cmlcampana.iMovie;
				PRODUCT_NAME = "$(TARGET_NAME)";
				SWIFT_VERSION = 5.0;
				TARGETED_DEVICE_FAMILY = "1,2";
			};
			name = Debug;
		};
		B1BDFBF825DEE6F500A298C1 /* Release */ = {
			isa = XCBuildConfiguration;
			baseConfigurationReference = B40457C1F3C1361B906BF436 /* Pods-iMovie.release.xcconfig */;
			buildSettings = {
				ASSETCATALOG_COMPILER_APPICON_NAME = AppIcon;
				ASSETCATALOG_COMPILER_GLOBAL_ACCENT_COLOR_NAME = AccentColor;
				CODE_SIGN_STYLE = Automatic;
				DEVELOPMENT_TEAM = KN7WPK4RM9;
				INFOPLIST_FILE = iMovie/Info.plist;
				LD_RUNPATH_SEARCH_PATHS = (
					"$(inherited)",
					"@executable_path/Frameworks",
				);
				PRODUCT_BUNDLE_IDENTIFIER = cmlcampana.iMovie;
				PRODUCT_NAME = "$(TARGET_NAME)";
				SWIFT_VERSION = 5.0;
				TARGETED_DEVICE_FAMILY = "1,2";
			};
			name = Release;
		};
/* End XCBuildConfiguration section */

/* Begin XCConfigurationList section */
		B1BDFBDD25DEE6F200A298C1 /* Build configuration list for PBXProject "iMovie" */ = {
			isa = XCConfigurationList;
			buildConfigurations = (
				B1BDFBF425DEE6F500A298C1 /* Debug */,
				B1BDFBF525DEE6F500A298C1 /* Release */,
			);
			defaultConfigurationIsVisible = 0;
			defaultConfigurationName = Release;
		};
		B1BDFBF625DEE6F500A298C1 /* Build configuration list for PBXNativeTarget "iMovie" */ = {
			isa = XCConfigurationList;
			buildConfigurations = (
				B1BDFBF725DEE6F500A298C1 /* Debug */,
				B1BDFBF825DEE6F500A298C1 /* Release */,
			);
			defaultConfigurationIsVisible = 0;
			defaultConfigurationName = Release;
		};
/* End XCConfigurationList section */
	};
	rootObject = B1BDFBDA25DEE6F200A298C1 /* Project object */;
}
